<?xml version="1.0" encoding="utf-8"?>
<Project ToolsVersion="4.0" xmlns="http://schemas.microsoft.com/developer/msbuild/2003">
  <ItemGroup>
    <ClCompile Include="$(MSBuildThisFileDirectory)jsoncpp.cpp">
      <Filter>Json</Filter>
    </ClCompile>
    <ClCompile Include="$(MSBuildThisFileDirectory)IJsonParseHelper.cpp">
      <Filter>Parser</Filter>
    </ClCompile>
    <ClCompile Include="$(MSBuildThisFileDirectory)JsonParseMaster.cpp">
      <Filter>Parser</Filter>
    </ClCompile>
    <ClCompile Include="$(MSBuildThisFileDirectory)ScopeParseHelper.cpp">
      <Filter>Parser</Filter>
    </ClCompile>
    <ClCompile Include="$(MSBuildThisFileDirectory)Action.cpp">
      <Filter>Action</Filter>
    </ClCompile>
    <ClCompile Include="$(MSBuildThisFileDirectory)ActionCreateAction.cpp">
      <Filter>Action</Filter>
    </ClCompile>
    <ClCompile Include="$(MSBuildThisFileDirectory)ActionList.cpp">
      <Filter>Action</Filter>
    </ClCompile>
    <ClCompile Include="$(MSBuildThisFileDirectory)ActionListIf.cpp">
      <Filter>Action</Filter>
    </ClCompile>
    <ClCompile Include="$(MSBuildThisFileDirectory)ActionDestroyAction.cpp">
      <Filter>Action</Filter>
    </ClCompile>
    <ClCompile Include="$(MSBuildThisFileDirectory)GameTime.cpp">
      <Filter>GameClock</Filter>
    </ClCompile>
    <ClCompile Include="$(MSBuildThisFileDirectory)GameClock.cpp">
      <Filter>GameClock</Filter>
    </ClCompile>
    <ClCompile Include="$(MSBuildThisFileDirectory)World.cpp">
      <Filter>World</Filter>
    </ClCompile>
    <ClCompile Include="$(MSBuildThisFileDirectory)WorldState.cpp">
      <Filter>World</Filter>
    </ClCompile>
    <ClCompile Include="$(MSBuildThisFileDirectory)Entity.cpp">
      <Filter>World</Filter>
    </ClCompile>
    <ClCompile Include="$(MSBuildThisFileDirectory)Sector.cpp">
      <Filter>World</Filter>
    </ClCompile>
    <ClCompile Include="$(MSBuildThisFileDirectory)Datum.cpp">
      <Filter>Scope</Filter>
    </ClCompile>
    <ClCompile Include="$(MSBuildThisFileDirectory)Attributed.cpp">
      <Filter>Scope</Filter>
    </ClCompile>
    <ClCompile Include="$(MSBuildThisFileDirectory)Scope.cpp">
      <Filter>Scope</Filter>
    </ClCompile>
    <ClCompile Include="$(MSBuildThisFileDirectory)ActionExpression.cpp">
      <Filter>Action</Filter>
    </ClCompile>
    <ClCompile Include="$(MSBuildThisFileDirectory)EventPublisher.cpp">
      <Filter>Event</Filter>
    </ClCompile>
    <ClCompile Include="$(MSBuildThisFileDirectory)EventQueue.cpp">
      <Filter>Event</Filter>
    </ClCompile>
    <ClCompile Include="$(MSBuildThisFileDirectory)GarbageCollector.cpp">
      <Filter>AbstractClasses</Filter>
    </ClCompile>
    <ClCompile Include="$(MSBuildThisFileDirectory)AttributedTypeManager.cpp">
      <Filter>AbstractClasses</Filter>
    </ClCompile>
    <ClCompile Include="$(MSBuildThisFileDirectory)Reaction.cpp" />
    <ClCompile Include="$(MSBuildThisFileDirectory)EventMessageAttributed.cpp" />
    <ClCompile Include="$(MSBuildThisFileDirectory)ReactionAttributed.cpp" />
    <ClCompile Include="$(MSBuildThisFileDirectory)ActionEvent.cpp" />
  </ItemGroup>
  <ItemGroup>
    <ClInclude Include="$(MSBuildThisFileDirectory)json\json-forwards.h">
      <Filter>Json</Filter>
    </ClInclude>
    <ClInclude Include="$(MSBuildThisFileDirectory)json\json.h">
      <Filter>Json</Filter>
    </ClInclude>
    <ClInclude Include="$(MSBuildThisFileDirectory)Vector.h">
      <Filter>Containers</Filter>
    </ClInclude>
    <ClInclude Include="$(MSBuildThisFileDirectory)SList.h">
      <Filter>Containers</Filter>
    </ClInclude>
    <ClInclude Include="$(MSBuildThisFileDirectory)DefaultHash.h">
      <Filter>Containers</Filter>
    </ClInclude>
    <ClInclude Include="$(MSBuildThisFileDirectory)HashMap.h">
      <Filter>Containers</Filter>
    </ClInclude>
    <ClInclude Include="$(MSBuildThisFileDirectory)DefaultEquality.h">
      <Filter>Containers</Filter>
    </ClInclude>
    <ClInclude Include="$(MSBuildThisFileDirectory)IJsonParseHelper.h">
      <Filter>Parser</Filter>
    </ClInclude>
    <ClInclude Include="$(MSBuildThisFileDirectory)JsonParseMaster.h">
      <Filter>Parser</Filter>
    </ClInclude>
    <ClInclude Include="$(MSBuildThisFileDirectory)ScopeParseHelper.h">
      <Filter>Parser</Filter>
    </ClInclude>
    <ClInclude Include="$(MSBuildThisFileDirectory)Action.h">
      <Filter>Action</Filter>
    </ClInclude>
    <ClInclude Include="$(MSBuildThisFileDirectory)ActionCreateAction.h">
      <Filter>Action</Filter>
    </ClInclude>
    <ClInclude Include="$(MSBuildThisFileDirectory)ActionList.h">
      <Filter>Action</Filter>
    </ClInclude>
    <ClInclude Include="$(MSBuildThisFileDirectory)ActionListIf.h">
      <Filter>Action</Filter>
    </ClInclude>
    <ClInclude Include="$(MSBuildThisFileDirectory)ActionDestroyAction.h">
      <Filter>Action</Filter>
    </ClInclude>
    <ClInclude Include="$(MSBuildThisFileDirectory)GameClock.h">
      <Filter>GameClock</Filter>
    </ClInclude>
    <ClInclude Include="$(MSBuildThisFileDirectory)World.h">
      <Filter>World</Filter>
    </ClInclude>
    <ClInclude Include="$(MSBuildThisFileDirectory)WorldState.h">
      <Filter>World</Filter>
    </ClInclude>
    <ClInclude Include="$(MSBuildThisFileDirectory)Entity.h">
      <Filter>World</Filter>
    </ClInclude>
    <ClInclude Include="$(MSBuildThisFileDirectory)Sector.h">
      <Filter>World</Filter>
    </ClInclude>
    <ClInclude Include="$(MSBuildThisFileDirectory)Datum.h">
      <Filter>Scope</Filter>
    </ClInclude>
    <ClInclude Include="$(MSBuildThisFileDirectory)Attributed.h">
      <Filter>Scope</Filter>
    </ClInclude>
    <ClInclude Include="$(MSBuildThisFileDirectory)Scope.h">
      <Filter>Scope</Filter>
    </ClInclude>
    <ClInclude Include="$(MSBuildThisFileDirectory)RTTI.h">
      <Filter>Scope</Filter>
    </ClInclude>
    <ClInclude Include="$(MSBuildThisFileDirectory)ActionExpression.h">
      <Filter>Action</Filter>
    </ClInclude>
    <ClInclude Include="$(MSBuildThisFileDirectory)EventSubscriber.h">
      <Filter>Event</Filter>
    </ClInclude>
    <ClInclude Include="$(MSBuildThisFileDirectory)Event.h">
      <Filter>Event</Filter>
    </ClInclude>
    <ClInclude Include="$(MSBuildThisFileDirectory)EventPublisher.h">
      <Filter>Event</Filter>
    </ClInclude>
    <ClInclude Include="$(MSBuildThisFileDirectory)EventQueue.h">
      <Filter>Event</Filter>
    </ClInclude>
    <ClInclude Include="$(MSBuildThisFileDirectory)AbstractFactory.h">
      <Filter>AbstractClasses</Filter>
    </ClInclude>
    <ClInclude Include="$(MSBuildThisFileDirectory)AttributedTypeManager.h">
      <Filter>AbstractClasses</Filter>
    </ClInclude>
    <ClInclude Include="$(MSBuildThisFileDirectory)GarbageCollector.h">
      <Filter>AbstractClasses</Filter>
    </ClInclude>
    <ClInclude Include="$(MSBuildThisFileDirectory)GameTime.h">
      <Filter>GameClock</Filter>
    </ClInclude>
    <ClInclude Include="$(MSBuildThisFileDirectory)Reaction.h" />
    <ClInclude Include="$(MSBuildThisFileDirectory)EventMessageAttributed.h" />
    <ClInclude Include="$(MSBuildThisFileDirectory)ReactionAttributed.h" />
    <ClInclude Include="$(MSBuildThisFileDirectory)ActionEvent.h" />
  </ItemGroup>
  <ItemGroup>
    <None Include="$(MSBuildThisFileDirectory)Vector.inl">
      <Filter>Containers</Filter>
    </None>
    <None Include="$(MSBuildThisFileDirectory)SList.inl">
      <Filter>Containers</Filter>
    </None>
    <None Include="$(MSBuildThisFileDirectory)HashMap.inl">
      <Filter>Containers</Filter>
    </None>
    <None Include="$(MSBuildThisFileDirectory)AbstractFactory.inl">
      <Filter>AbstractClasses</Filter>
    </None>
    <None Include="$(MSBuildThisFileDirectory)Event.inl">
      <Filter>Event</Filter>
    </None>
  </ItemGroup>
  <ItemGroup>
    <Filter Include="Json">
      <UniqueIdentifier>{f30584c8-b80d-439b-a78a-de5b0b55392a}</UniqueIdentifier>
    </Filter>
    <Filter Include="Containers">
      <UniqueIdentifier>{5c89de14-6bb2-4ee3-9a47-7076fe6b6851}</UniqueIdentifier>
    </Filter>
    <Filter Include="Parser">
      <UniqueIdentifier>{179bc9ca-16a3-47f8-86e7-56a54e927cbd}</UniqueIdentifier>
    </Filter>
    <Filter Include="Action">
      <UniqueIdentifier>{88bb55ea-3be9-44de-a6fb-faf210bf0e11}</UniqueIdentifier>
    </Filter>
    <Filter Include="GameClock">
      <UniqueIdentifier>{2612788f-8197-4e3e-92f1-7897dd4dc566}</UniqueIdentifier>
    </Filter>
    <Filter Include="World">
      <UniqueIdentifier>{f0060887-243f-4468-aa73-c6818899ef77}</UniqueIdentifier>
    </Filter>
    <Filter Include="Scope">
      <UniqueIdentifier>{7b7c1034-7fa0-4d6e-a7a5-9847fc3c5392}</UniqueIdentifier>
    </Filter>
    <Filter Include="Event">
      <UniqueIdentifier>{d60dfc8a-303b-4166-b7d3-9cfde881e6f2}</UniqueIdentifier>
    </Filter>
    <Filter Include="AbstractClasses">
      <UniqueIdentifier>{8b6a7667-7023-4336-b7ae-428ee895a368}</UniqueIdentifier>
    </Filter>
    <Filter Include="Reaction">
      <UniqueIdentifier>{e1d94ed0-73b5-4c2f-8872-db24b702bfd3}</UniqueIdentifier>
    </Filter>
  </ItemGroup>
</Project>